
Microsoft Visual Studio Solution File, Format Version 12.00
# Visual Studio 2013
VisualStudioVersion = 12.0.30723.0
MinimumVisualStudioVersion = 10.0.40219.1
Project("{FAE04EC0-301F-11D3-BF4B-00C04F79EFBC}") = "TodoTasks.Models", "TodoTasks.Models\TodoTasks.Models.csproj", "{A266496B-289C-4417-9A1D-54FF6664308F}"
EndProject
Project("{FAE04EC0-301F-11D3-BF4B-00C04F79EFBC}") = "TodoTasks.Services", "TodoTasks.Services\TodoTasks.Services.csproj", "{4C7EF50E-6FA7-4C49-B966-C1AE5403928F}"
EndProject
Project("{FAE04EC0-301F-11D3-BF4B-00C04F79EFBC}") = "TodoTasks.Data", "TodoTasks.Data\TodoTasks.Data.csproj", "{0B57B589-A4EE-411B-AA9A-ED4FBB86860B}"
EndProject
Project("{FAE04EC0-301F-11D3-BF4B-00C04F79EFBC}") = "TodoTasks.FileExporter", "TodoTasks.FileExporter\TodoTasks.FileExporter.csproj", "{C020D967-AAB4-4875-8B67-8858905E2DB6}"
EndProject
Project("{2150E333-8FDC-42A3-9474-1A3956D46DE8}") = ".nuget", ".nuget", "{220E4AA2-375A-4C2B-A7A5-236637A32B82}"
	ProjectSection(SolutionItems) = preProject
		.nuget\NuGet.Config = .nuget\NuGet.Config
		.nuget\NuGet.exe = .nuget\NuGet.exe
		.nuget\NuGet.targets = .nuget\NuGet.targets
	EndProjectSection
EndProject
Project("{FAE04EC0-301F-11D3-BF4B-00C04F79EFBC}") = "TodoTasks.Pubnub", "TodoTasks.Pubnub\TodoTasks.Pubnub.csproj", "{B3140565-DF61-48D8-952C-4A263A438951}"
EndProject
Global
	GlobalSection(SolutionConfigurationPlatforms) = preSolution
		Debug|Any CPU = Debug|Any CPU
		Release|Any CPU = Release|Any CPU
	EndGlobalSection
	GlobalSection(ProjectConfigurationPlatforms) = postSolution
		{A266496B-289C-4417-9A1D-54FF6664308F}.Debug|Any CPU.ActiveCfg = Debug|Any CPU
		{A266496B-289C-4417-9A1D-54FF6664308F}.Debug|Any CPU.Build.0 = Debug|Any CPU
		{A266496B-289C-4417-9A1D-54FF6664308F}.Release|Any CPU.ActiveCfg = Release|Any CPU
		{A266496B-289C-4417-9A1D-54FF6664308F}.Release|Any CPU.Build.0 = Release|Any CPU
		{4C7EF50E-6FA7-4C49-B966-C1AE5403928F}.Debug|Any CPU.ActiveCfg = Debug|Any CPU
		{4C7EF50E-6FA7-4C49-B966-C1AE5403928F}.Debug|Any CPU.Build.0 = Debug|Any CPU
		{4C7EF50E-6FA7-4C49-B966-C1AE5403928F}.Release|Any CPU.ActiveCfg = Release|Any CPU
		{4C7EF50E-6FA7-4C49-B966-C1AE5403928F}.Release|Any CPU.Build.0 = Release|Any CPU
		{0B57B589-A4EE-411B-AA9A-ED4FBB86860B}.Debug|Any CPU.ActiveCfg = Debug|Any CPU
		{0B57B589-A4EE-411B-AA9A-ED4FBB86860B}.Debug|Any CPU.Build.0 = Debug|Any CPU
		{0B57B589-A4EE-411B-AA9A-ED4FBB86860B}.Release|Any CPU.ActiveCfg = Release|Any CPU
		{0B57B589-A4EE-411B-AA9A-ED4FBB86860B}.Release|Any CPU.Build.0 = Release|Any CPU
		{C020D967-AAB4-4875-8B67-8858905E2DB6}.Debug|Any CPU.ActiveCfg = Debug|Any CPU
		{C020D967-AAB4-4875-8B67-8858905E2DB6}.Debug|Any CPU.Build.0 = Debug|Any CPU
		{C020D967-AAB4-4875-8B67-8858905E2DB6}.Release|Any CPU.ActiveCfg = Release|Any CPU
		{C020D967-AAB4-4875-8B67-8858905E2DB6}.Release|Any CPU.Build.0 = Release|Any CPU
		{B3140565-DF61-48D8-952C-4A263A438951}.Debug|Any CPU.ActiveCfg = Debug|Any CPU
		{B3140565-DF61-48D8-952C-4A263A438951}.Debug|Any CPU.Build.0 = Debug|Any CPU
		{B3140565-DF61-48D8-952C-4A263A438951}.Release|Any CPU.ActiveCfg = Release|Any CPU
		{B3140565-DF61-48D8-952C-4A263A438951}.Release|Any CPU.Build.0 = Release|Any CPU
	EndGlobalSection
	GlobalSection(SolutionProperties) = preSolution
		HideSolutionNode = FALSE
	EndGlobalSection
EndGlobal
